
Microsoft Visual Studio Solution File, Format Version 12.00
# Visual Studio 2012
Project("{8BC9CEB8-8B4A-11D0-8D11-00A0C91BC942}") = "task1", "task1.vcxproj", "{0814004E-5045-4201-831D-227007169F22}"
	ProjectSection(ProjectDependencies) = postProject
		{CE8386BC-97C6-4EE1-8BF3-40D1EB5F8771} = {CE8386BC-97C6-4EE1-8BF3-40D1EB5F8771}
		{35F9F4C7-848A-4765-BD98-90A19763AA8B} = {35F9F4C7-848A-4765-BD98-90A19763AA8B}
	EndProjectSection
EndProject
Project("{8BC9CEB8-8B4A-11D0-8D11-00A0C91BC942}") = "matrix", "..\matrix\matrix.vcxproj", "{CE8386BC-97C6-4EE1-8BF3-40D1EB5F8771}"
EndProject
Project("{8BC9CEB8-8B4A-11D0-8D11-00A0C91BC942}") = "parparser", "..\parparser\parparser.vcxproj", "{35F9F4C7-848A-4765-BD98-90A19763AA8B}"
EndProject
Project("{8BC9CEB8-8B4A-11D0-8D11-00A0C91BC942}") = "task2", "..\task2\task2.vcxproj", "{C7C592BD-60B2-405F-B2C1-9D23B07ECE7F}"
	ProjectSection(ProjectDependencies) = postProject
		{CE8386BC-97C6-4EE1-8BF3-40D1EB5F8771} = {CE8386BC-97C6-4EE1-8BF3-40D1EB5F8771}
		{35F9F4C7-848A-4765-BD98-90A19763AA8B} = {35F9F4C7-848A-4765-BD98-90A19763AA8B}
	EndProjectSection
EndProject
Project("{8BC9CEB8-8B4A-11D0-8D11-00A0C91BC942}") = "rand_matr", "..\rand_matr\rand_matr.vcxproj", "{13260498-BD4C-482B-AD2C-998540B18074}"
	ProjectSection(ProjectDependencies) = postProject
		{35F9F4C7-848A-4765-BD98-90A19763AA8B} = {35F9F4C7-848A-4765-BD98-90A19763AA8B}
	EndProjectSection
EndProject
Project("{8BC9CEB8-8B4A-11D0-8D11-00A0C91BC942}") = "mtrx_cmp", "..\mtrx_cmp\mtrx_cmp.vcxproj", "{F8CF21D4-7AF8-4F9B-A57B-F0F30B386A9C}"
	ProjectSection(ProjectDependencies) = postProject
		{35F9F4C7-848A-4765-BD98-90A19763AA8B} = {35F9F4C7-848A-4765-BD98-90A19763AA8B}
	EndProjectSection
EndProject
Project("{8BC9CEB8-8B4A-11D0-8D11-00A0C91BC942}") = "task3", "..\task3\task3.vcxproj", "{4208BF10-C094-4F46-8B37-123FB3FFA12F}"
	ProjectSection(ProjectDependencies) = postProject
		{CE8386BC-97C6-4EE1-8BF3-40D1EB5F8771} = {CE8386BC-97C6-4EE1-8BF3-40D1EB5F8771}
		{35F9F4C7-848A-4765-BD98-90A19763AA8B} = {35F9F4C7-848A-4765-BD98-90A19763AA8B}
	EndProjectSection
EndProject
Project("{8BC9CEB8-8B4A-11D0-8D11-00A0C91BC942}") = "task4", "..\task4\task4.vcxproj", "{1AEB26DD-A2A0-40B3-B32C-4FA04732151E}"
	ProjectSection(ProjectDependencies) = postProject
		{CE8386BC-97C6-4EE1-8BF3-40D1EB5F8771} = {CE8386BC-97C6-4EE1-8BF3-40D1EB5F8771}
		{35F9F4C7-848A-4765-BD98-90A19763AA8B} = {35F9F4C7-848A-4765-BD98-90A19763AA8B}
	EndProjectSection
EndProject
Project("{8BC9CEB8-8B4A-11D0-8D11-00A0C91BC942}") = "task5", "..\task5\task5.vcxproj", "{33D8DC27-CCC1-4177-BBEC-EA269A12FB2F}"
	ProjectSection(ProjectDependencies) = postProject
		{CE8386BC-97C6-4EE1-8BF3-40D1EB5F8771} = {CE8386BC-97C6-4EE1-8BF3-40D1EB5F8771}
		{35F9F4C7-848A-4765-BD98-90A19763AA8B} = {35F9F4C7-848A-4765-BD98-90A19763AA8B}
	EndProjectSection
EndProject
Project("{8BC9CEB8-8B4A-11D0-8D11-00A0C91BC942}") = "task5_2", "..\task5_2\task5_2.vcxproj", "{9221BABF-81EB-443B-8D2C-658EE0B61860}"
	ProjectSection(ProjectDependencies) = postProject
		{CE8386BC-97C6-4EE1-8BF3-40D1EB5F8771} = {CE8386BC-97C6-4EE1-8BF3-40D1EB5F8771}
		{35F9F4C7-848A-4765-BD98-90A19763AA8B} = {35F9F4C7-848A-4765-BD98-90A19763AA8B}
	EndProjectSection
EndProject
Project("{8BC9CEB8-8B4A-11D0-8D11-00A0C91BC942}") = "task6", "..\task6\task6.vcxproj", "{00BD096A-7B75-40AF-9307-40992C3E49C1}"
	ProjectSection(ProjectDependencies) = postProject
		{CE8386BC-97C6-4EE1-8BF3-40D1EB5F8771} = {CE8386BC-97C6-4EE1-8BF3-40D1EB5F8771}
		{35F9F4C7-848A-4765-BD98-90A19763AA8B} = {35F9F4C7-848A-4765-BD98-90A19763AA8B}
	EndProjectSection
EndProject
Project("{8BC9CEB8-8B4A-11D0-8D11-00A0C91BC942}") = "task7_5", "..\task7_5\task7_5.vcxproj", "{5F8E58C4-E40D-490A-841E-1DECCB4BCB8B}"
	ProjectSection(ProjectDependencies) = postProject
		{CE8386BC-97C6-4EE1-8BF3-40D1EB5F8771} = {CE8386BC-97C6-4EE1-8BF3-40D1EB5F8771}
		{35F9F4C7-848A-4765-BD98-90A19763AA8B} = {35F9F4C7-848A-4765-BD98-90A19763AA8B}
	EndProjectSection
EndProject
Global
	GlobalSection(SolutionConfigurationPlatforms) = preSolution
		Debug|Win32 = Debug|Win32
		Release|Win32 = Release|Win32
	EndGlobalSection
	GlobalSection(ProjectConfigurationPlatforms) = postSolution
		{0814004E-5045-4201-831D-227007169F22}.Debug|Win32.ActiveCfg = Debug|Win32
		{0814004E-5045-4201-831D-227007169F22}.Debug|Win32.Build.0 = Debug|Win32
		{0814004E-5045-4201-831D-227007169F22}.Release|Win32.ActiveCfg = Release|Win32
		{0814004E-5045-4201-831D-227007169F22}.Release|Win32.Build.0 = Release|Win32
		{CE8386BC-97C6-4EE1-8BF3-40D1EB5F8771}.Debug|Win32.ActiveCfg = Debug|Win32
		{CE8386BC-97C6-4EE1-8BF3-40D1EB5F8771}.Debug|Win32.Build.0 = Debug|Win32
		{CE8386BC-97C6-4EE1-8BF3-40D1EB5F8771}.Release|Win32.ActiveCfg = Release|Win32
		{CE8386BC-97C6-4EE1-8BF3-40D1EB5F8771}.Release|Win32.Build.0 = Release|Win32
		{35F9F4C7-848A-4765-BD98-90A19763AA8B}.Debug|Win32.ActiveCfg = Debug|Win32
		{35F9F4C7-848A-4765-BD98-90A19763AA8B}.Debug|Win32.Build.0 = Debug|Win32
		{35F9F4C7-848A-4765-BD98-90A19763AA8B}.Release|Win32.ActiveCfg = Release|Win32
		{35F9F4C7-848A-4765-BD98-90A19763AA8B}.Release|Win32.Build.0 = Release|Win32
		{C7C592BD-60B2-405F-B2C1-9D23B07ECE7F}.Debug|Win32.ActiveCfg = Debug|Win32
		{C7C592BD-60B2-405F-B2C1-9D23B07ECE7F}.Debug|Win32.Build.0 = Debug|Win32
		{C7C592BD-60B2-405F-B2C1-9D23B07ECE7F}.Release|Win32.ActiveCfg = Release|Win32
		{C7C592BD-60B2-405F-B2C1-9D23B07ECE7F}.Release|Win32.Build.0 = Release|Win32
		{13260498-BD4C-482B-AD2C-998540B18074}.Debug|Win32.ActiveCfg = Debug|Win32
		{13260498-BD4C-482B-AD2C-998540B18074}.Debug|Win32.Build.0 = Debug|Win32
		{13260498-BD4C-482B-AD2C-998540B18074}.Release|Win32.ActiveCfg = Release|Win32
		{13260498-BD4C-482B-AD2C-998540B18074}.Release|Win32.Build.0 = Release|Win32
		{F8CF21D4-7AF8-4F9B-A57B-F0F30B386A9C}.Debug|Win32.ActiveCfg = Debug|Win32
		{F8CF21D4-7AF8-4F9B-A57B-F0F30B386A9C}.Debug|Win32.Build.0 = Debug|Win32
		{F8CF21D4-7AF8-4F9B-A57B-F0F30B386A9C}.Release|Win32.ActiveCfg = Release|Win32
		{F8CF21D4-7AF8-4F9B-A57B-F0F30B386A9C}.Release|Win32.Build.0 = Release|Win32
		{4208BF10-C094-4F46-8B37-123FB3FFA12F}.Debug|Win32.ActiveCfg = Debug|Win32
		{4208BF10-C094-4F46-8B37-123FB3FFA12F}.Debug|Win32.Build.0 = Debug|Win32
		{4208BF10-C094-4F46-8B37-123FB3FFA12F}.Release|Win32.ActiveCfg = Release|Win32
		{4208BF10-C094-4F46-8B37-123FB3FFA12F}.Release|Win32.Build.0 = Release|Win32
		{1AEB26DD-A2A0-40B3-B32C-4FA04732151E}.Debug|Win32.ActiveCfg = Debug|Win32
		{1AEB26DD-A2A0-40B3-B32C-4FA04732151E}.Debug|Win32.Build.0 = Debug|Win32
		{1AEB26DD-A2A0-40B3-B32C-4FA04732151E}.Release|Win32.ActiveCfg = Release|Win32
		{1AEB26DD-A2A0-40B3-B32C-4FA04732151E}.Release|Win32.Build.0 = Release|Win32
		{33D8DC27-CCC1-4177-BBEC-EA269A12FB2F}.Debug|Win32.ActiveCfg = Debug|Win32
		{33D8DC27-CCC1-4177-BBEC-EA269A12FB2F}.Debug|Win32.Build.0 = Debug|Win32
		{33D8DC27-CCC1-4177-BBEC-EA269A12FB2F}.Release|Win32.ActiveCfg = Release|Win32
		{33D8DC27-CCC1-4177-BBEC-EA269A12FB2F}.Release|Win32.Build.0 = Release|Win32
		{9221BABF-81EB-443B-8D2C-658EE0B61860}.Debug|Win32.ActiveCfg = Debug|Win32
		{9221BABF-81EB-443B-8D2C-658EE0B61860}.Debug|Win32.Build.0 = Debug|Win32
		{9221BABF-81EB-443B-8D2C-658EE0B61860}.Release|Win32.ActiveCfg = Release|Win32
		{9221BABF-81EB-443B-8D2C-658EE0B61860}.Release|Win32.Build.0 = Release|Win32
		{00BD096A-7B75-40AF-9307-40992C3E49C1}.Debug|Win32.ActiveCfg = Debug|Win32
		{00BD096A-7B75-40AF-9307-40992C3E49C1}.Debug|Win32.Build.0 = Debug|Win32
		{00BD096A-7B75-40AF-9307-40992C3E49C1}.Release|Win32.ActiveCfg = Release|Win32
		{00BD096A-7B75-40AF-9307-40992C3E49C1}.Release|Win32.Build.0 = Release|Win32
		{5F8E58C4-E40D-490A-841E-1DECCB4BCB8B}.Debug|Win32.ActiveCfg = Debug|Win32
		{5F8E58C4-E40D-490A-841E-1DECCB4BCB8B}.Debug|Win32.Build.0 = Debug|Win32
		{5F8E58C4-E40D-490A-841E-1DECCB4BCB8B}.Release|Win32.ActiveCfg = Release|Win32
		{5F8E58C4-E40D-490A-841E-1DECCB4BCB8B}.Release|Win32.Build.0 = Release|Win32
	EndGlobalSection
	GlobalSection(SolutionProperties) = preSolution
		HideSolutionNode = FALSE
	EndGlobalSection
EndGlobal
